
Microsoft Visual Studio Solution File, Format Version 12.00
# Visual Studio 15
VisualStudioVersion = 15.0.28307.271
MinimumVisualStudioVersion = 10.0.40219.1
Project("{8BC9CEB8-8B4A-11D0-8D11-00A0C91BC942}") = "Binary Files", "Binary Files\Binary Files.vcxproj", "{BD04387E-0E55-42DE-93B0-FC2F4C8B132E}"
EndProject
Global
	GlobalSection(SolutionConfigurationPlatforms) = preSolution
		Debug|x64 = Debug|x64
		Debug|x86 = Debug|x86
		Release|x64 = Release|x64
		Release|x86 = Release|x86
	EndGlobalSection
	GlobalSection(ProjectConfigurationPlatforms) = postSolution
		{BD04387E-0E55-42DE-93B0-FC2F4C8B132E}.Debug|x64.ActiveCfg = Debug|x64
		{BD04387E-0E55-42DE-93B0-FC2F4C8B132E}.Debug|x64.Build.0 = Debug|x64
		{BD04387E-0E55-42DE-93B0-FC2F4C8B132E}.Debug|x86.ActiveCfg = Debug|Win32
		{BD04387E-0E55-42DE-93B0-FC2F4C8B132E}.Debug|x86.Build.0 = Debug|Win32
		{BD04387E-0E55-42DE-93B0-FC2F4C8B132E}.Release|x64.ActiveCfg = Release|x64
		{BD04387E-0E55-42DE-93B0-FC2F4C8B132E}.Release|x64.Build.0 = Release|x64
		{BD04387E-0E55-42DE-93B0-FC2F4C8B132E}.Release|x86.ActiveCfg = Release|Win32
		{BD04387E-0E55-42DE-93B0-FC2F4C8B132E}.Release|x86.Build.0 = Release|Win32
	EndGlobalSection
	GlobalSection(SolutionProperties) = preSolution
		HideSolutionNode = FALSE
	EndGlobalSection
	GlobalSection(ExtensibilityGlobals) = postSolution
		SolutionGuid = {6B562DCD-674A-49B5-B606-53FC8590D484}
	EndGlobalSection
EndGlobal
